
Microsoft Visual Studio Solution File, Format Version 12.00
# Visual Studio Version 17
VisualStudioVersion = 17.4.33213.308
MinimumVisualStudioVersion = 10.0.40219.1
Project("{FAE04EC0-301F-11D3-BF4B-00C04F79EFBC}") = "ChallengeApp", "ChallengeApp\ChallengeApp.csproj", "{D32BF09D-1D57-47F4-99A8-EB0821552502}"
EndProject
Global
	GlobalSection(SolutionConfigurationPlatforms) = preSolution
		Debug|Any CPU = Debug|Any CPU
		Release|Any CPU = Release|Any CPU
	EndGlobalSection
	GlobalSection(ProjectConfigurationPlatforms) = postSolution
		{D32BF09D-1D57-47F4-99A8-EB0821552502}.Debug|Any CPU.ActiveCfg = Debug|Any CPU
		{D32BF09D-1D57-47F4-99A8-EB0821552502}.Debug|Any CPU.Build.0 = Debug|Any CPU
		{D32BF09D-1D57-47F4-99A8-EB0821552502}.Release|Any CPU.ActiveCfg = Release|Any CPU
		{D32BF09D-1D57-47F4-99A8-EB0821552502}.Release|Any CPU.Build.0 = Release|Any CPU
	EndGlobalSection
	GlobalSection(SolutionProperties) = preSolution
		HideSolutionNode = FALSE
	EndGlobalSection
	GlobalSection(ExtensibilityGlobals) = postSolution
		SolutionGuid = {B5B24D4C-A92D-4941-A411-AA0971705010}
	EndGlobalSection
EndGlobal
